
Microsoft Visual Studio Solution File, Format Version 12.00
# Visual Studio Version 17
VisualStudioVersion = 17.8.34330.188
MinimumVisualStudioVersion = 10.0.40219.1
Project("{9A19103F-16F7-4668-BE54-9A1E7A4F7556}") = "TaskOpgave", "ConsoleApp1\TaskOpgave.csproj", "{24CD1B69-6E48-4335-8720-FF07B7F84545}"
EndProject
Project("{9A19103F-16F7-4668-BE54-9A1E7A4F7556}") = "Ny App", "Ny App\Ny App.csproj", "{C2BC4EC9-F858-4DE4-9188-E160CFB04AC1}"
EndProject
Global
	GlobalSection(SolutionConfigurationPlatforms) = preSolution
		Debug|Any CPU = Debug|Any CPU
		Release|Any CPU = Release|Any CPU
	EndGlobalSection
	GlobalSection(ProjectConfigurationPlatforms) = postSolution
		{24CD1B69-6E48-4335-8720-FF07B7F84545}.Debug|Any CPU.ActiveCfg = Debug|Any CPU
		{24CD1B69-6E48-4335-8720-FF07B7F84545}.Debug|Any CPU.Build.0 = Debug|Any CPU
		{24CD1B69-6E48-4335-8720-FF07B7F84545}.Release|Any CPU.ActiveCfg = Release|Any CPU
		{24CD1B69-6E48-4335-8720-FF07B7F84545}.Release|Any CPU.Build.0 = Release|Any CPU
		{C2BC4EC9-F858-4DE4-9188-E160CFB04AC1}.Debug|Any CPU.ActiveCfg = Debug|Any CPU
		{C2BC4EC9-F858-4DE4-9188-E160CFB04AC1}.Debug|Any CPU.Build.0 = Debug|Any CPU
		{C2BC4EC9-F858-4DE4-9188-E160CFB04AC1}.Release|Any CPU.ActiveCfg = Release|Any CPU
		{C2BC4EC9-F858-4DE4-9188-E160CFB04AC1}.Release|Any CPU.Build.0 = Release|Any CPU
	EndGlobalSection
	GlobalSection(SolutionProperties) = preSolution
		HideSolutionNode = FALSE
	EndGlobalSection
	GlobalSection(ExtensibilityGlobals) = postSolution
		SolutionGuid = {F2DF985F-26E4-4989-9BF5-9E075696D7D4}
	EndGlobalSection
EndGlobal
